
Microsoft Visual Studio Solution File, Format Version 12.00
# Visual Studio Version 17
VisualStudioVersion = 17.6.33417.168
MinimumVisualStudioVersion = 10.0.40219.1
Project("{9A19103F-16F7-4668-BE54-9A1E7A4F7556}") = "CSVReader", "CSVReader\CSVReader.csproj", "{9E6BB895-8A80-4D55-BA60-364C17627459}"
EndProject
Project("{9A19103F-16F7-4668-BE54-9A1E7A4F7556}") = "Entities", "Entities\Entities.csproj", "{10BFACB3-1CF8-491F-8E0E-5C5D52849A77}"
EndProject
Project("{9A19103F-16F7-4668-BE54-9A1E7A4F7556}") = "CsvService", "Csv\CsvService.csproj", "{A8A2763D-DD16-44E5-A195-8C8BE7187D88}"
	ProjectSection(ProjectDependencies) = postProject
		{54924A18-0189-455A-80A4-96919E492F8F} = {54924A18-0189-455A-80A4-96919E492F8F}
	EndProjectSection
EndProject
Project("{9A19103F-16F7-4668-BE54-9A1E7A4F7556}") = "Contracts", "Contracts\Contracts.csproj", "{54924A18-0189-455A-80A4-96919E492F8F}"
EndProject
Project("{FAE04EC0-301F-11D3-BF4B-00C04F79EFBC}") = "Utils", "Utils\Utils.csproj", "{1A843040-6F72-4F23-8A0F-8E2892C8EEFE}"
EndProject
Project("{FAE04EC0-301F-11D3-BF4B-00C04F79EFBC}") = "Repository", "Repository\Repository.csproj", "{92C3E89A-69DB-45F6-9159-23ED8CB08EB1}"
EndProject
Global
	GlobalSection(SolutionConfigurationPlatforms) = preSolution
		Debug|Any CPU = Debug|Any CPU
		Release|Any CPU = Release|Any CPU
	EndGlobalSection
	GlobalSection(ProjectConfigurationPlatforms) = postSolution
		{9E6BB895-8A80-4D55-BA60-364C17627459}.Debug|Any CPU.ActiveCfg = Debug|Any CPU
		{9E6BB895-8A80-4D55-BA60-364C17627459}.Debug|Any CPU.Build.0 = Debug|Any CPU
		{9E6BB895-8A80-4D55-BA60-364C17627459}.Release|Any CPU.ActiveCfg = Release|Any CPU
		{9E6BB895-8A80-4D55-BA60-364C17627459}.Release|Any CPU.Build.0 = Release|Any CPU
		{10BFACB3-1CF8-491F-8E0E-5C5D52849A77}.Debug|Any CPU.ActiveCfg = Debug|Any CPU
		{10BFACB3-1CF8-491F-8E0E-5C5D52849A77}.Debug|Any CPU.Build.0 = Debug|Any CPU
		{10BFACB3-1CF8-491F-8E0E-5C5D52849A77}.Release|Any CPU.ActiveCfg = Release|Any CPU
		{10BFACB3-1CF8-491F-8E0E-5C5D52849A77}.Release|Any CPU.Build.0 = Release|Any CPU
		{A8A2763D-DD16-44E5-A195-8C8BE7187D88}.Debug|Any CPU.ActiveCfg = Debug|Any CPU
		{A8A2763D-DD16-44E5-A195-8C8BE7187D88}.Debug|Any CPU.Build.0 = Debug|Any CPU
		{A8A2763D-DD16-44E5-A195-8C8BE7187D88}.Release|Any CPU.ActiveCfg = Release|Any CPU
		{A8A2763D-DD16-44E5-A195-8C8BE7187D88}.Release|Any CPU.Build.0 = Release|Any CPU
		{54924A18-0189-455A-80A4-96919E492F8F}.Debug|Any CPU.ActiveCfg = Debug|Any CPU
		{54924A18-0189-455A-80A4-96919E492F8F}.Debug|Any CPU.Build.0 = Debug|Any CPU
		{54924A18-0189-455A-80A4-96919E492F8F}.Release|Any CPU.ActiveCfg = Release|Any CPU
		{54924A18-0189-455A-80A4-96919E492F8F}.Release|Any CPU.Build.0 = Release|Any CPU
		{1A843040-6F72-4F23-8A0F-8E2892C8EEFE}.Debug|Any CPU.ActiveCfg = Debug|Any CPU
		{1A843040-6F72-4F23-8A0F-8E2892C8EEFE}.Debug|Any CPU.Build.0 = Debug|Any CPU
		{1A843040-6F72-4F23-8A0F-8E2892C8EEFE}.Release|Any CPU.ActiveCfg = Release|Any CPU
		{1A843040-6F72-4F23-8A0F-8E2892C8EEFE}.Release|Any CPU.Build.0 = Release|Any CPU
		{92C3E89A-69DB-45F6-9159-23ED8CB08EB1}.Debug|Any CPU.ActiveCfg = Debug|Any CPU
		{92C3E89A-69DB-45F6-9159-23ED8CB08EB1}.Debug|Any CPU.Build.0 = Debug|Any CPU
		{92C3E89A-69DB-45F6-9159-23ED8CB08EB1}.Release|Any CPU.ActiveCfg = Release|Any CPU
		{92C3E89A-69DB-45F6-9159-23ED8CB08EB1}.Release|Any CPU.Build.0 = Release|Any CPU
	EndGlobalSection
	GlobalSection(SolutionProperties) = preSolution
		HideSolutionNode = FALSE
	EndGlobalSection
	GlobalSection(ExtensibilityGlobals) = postSolution
		SolutionGuid = {7BEC7225-8F6E-4E8E-9BB5-6C85D29B726D}
	EndGlobalSection
EndGlobal
